// !$*UTF8*$!
{
	archiveVersion = 1;
	classes = {
	};
	objectVersion = 77;
	objects = {

/* Begin PBXContainerItemProxy section */
		B2000000000000000000010 /* PBXContainerItemProxy */ = {
			isa = PBXContainerItemProxy;
			containerPortal = B200000000000000000000A /* Project object */;
			proxyType = 1;
			remoteGlobalIDString = B2000000000000000000006;
			remoteInfo = IslandFlow;
		};
		B2000000000000000000030 /* PBXContainerItemProxy */ = {
			isa = PBXContainerItemProxy;
			containerPortal = B200000000000000000000A /* Project object */;
			proxyType = 1;
			remoteGlobalIDString = B2000000000000000000006;
			remoteInfo = IslandFlow;
		};
/* End PBXContainerItemProxy section */

/* Begin PBXFileReference section */
		B2000000000000000000001 /* IslandFlow.app */ = {isa = PBXFileReference; explicitFileType = wrapper.application; includeInIndex = 0; path = IslandFlow.app; sourceTree = BUILT_PRODUCTS_DIR; };
		B2000000000000000000011 /* IslandFlowTests.xctest */ = {isa = PBXFileReference; explicitFileType = wrapper.cfbundle; includeInIndex = 0; path = IslandFlowTests.xctest; sourceTree = BUILT_PRODUCTS_DIR; };
		B2000000000000000000031 /* IslandFlowUITests.xctest */ = {isa = PBXFileReference; explicitFileType = wrapper.cfbundle; includeInIndex = 0; path = IslandFlowUITests.xctest; sourceTree = BUILT_PRODUCTS_DIR; };
/* End PBXFileReference section */

/* Begin PBXFileSystemSynchronizedRootGroup section */
		B2000000000000000000002 /* IslandFlow */ = {
			isa = PBXFileSystemSynchronizedRootGroup;
			path = IslandFlow;
			sourceTree = "<group>";
		};
		B2000000000000000000012 /* IslandFlowTests */ = {
			isa = PBXFileSystemSynchronizedRootGroup;
			path = IslandFlowTests;
			sourceTree = "<group>";
		};
		B2000000000000000000032 /* IslandFlowUITests */ = {
			isa = PBXFileSystemSynchronizedRootGroup;
			path = IslandFlowUITests;
			sourceTree = "<group>";
		};
/* End PBXFileSystemSynchronizedRootGroup section */

/* Begin PBXFrameworksBuildPhase section */
		B2000000000000000000003 /* Frameworks */ = {
			isa = PBXFrameworksBuildPhase;
			buildActionMask = 2147483647;
			files = (
			);
			runOnlyForDeploymentPostprocessing = 0;
		};
		B2000000000000000000013 /* Frameworks */ = {
			isa = PBXFrameworksBuildPhase;
			buildActionMask = 2147483647;
			files = (
			);
			runOnlyForDeploymentPostprocessing = 0;
		};
		B2000000000000000000033 /* Frameworks */ = {
			isa = PBXFrameworksBuildPhase;
			buildActionMask = 2147483647;
			files = (
			);
			runOnlyForDeploymentPostprocessing = 0;
		};
/* End PBXFrameworksBuildPhase section */

/* Begin PBXGroup section */
		B2000000000000000000004 = {
			isa = PBXGroup;
			children = (
				B2000000000000000000002 /* IslandFlow */,
				B2000000000000000000012 /* IslandFlowTests */,
				B2000000000000000000032 /* IslandFlowUITests */,
				B2000000000000000000005 /* Products */,
			);
			sourceTree = "<group>";
		};
		B2000000000000000000005 /* Products */ = {
			isa = PBXGroup;
			children = (
				B2000000000000000000001 /* IslandFlow.app */,
				B2000000000000000000011 /* IslandFlowTests.xctest */,
				B2000000000000000000031 /* IslandFlowUITests.xctest */,
			);
			name = Products;
			sourceTree = "<group>";
		};
/* End PBXGroup section */

/* Begin PBXNativeTarget section */
		B2000000000000000000006 /* IslandFlow */ = {
			isa = PBXNativeTarget;
			buildConfigurationList = B2000000000000000000007 /* Build configuration list for PBXNativeTarget "IslandFlow" */;
			buildPhases = (
				B2000000000000000000008 /* Sources */,
				B2000000000000000000003 /* Frameworks */,
				B2000000000000000000009 /* Resources */,
			);
			buildRules = (
			);
			dependencies = (
			);
			fileSystemSynchronizedGroups = (
				B2000000000000000000002 /* IslandFlow */,
			);
			name = IslandFlow;
			packageProductDependencies = (
			);
			productName = IslandFlow;
			productReference = B2000000000000000000001 /* IslandFlow.app */;
			productType = "com.apple.product-type.application";
		};
		B2000000000000000000016 /* IslandFlowTests */ = {
			isa = PBXNativeTarget;
			buildConfigurationList = B2000000000000000000017 /* Build configuration list for PBXNativeTarget "IslandFlowTests" */;
			buildPhases = (
				B2000000000000000000018 /* Sources */,
				B2000000000000000000013 /* Frameworks */,
				B2000000000000000000019 /* Resources */,
			);
			buildRules = (
			);
			dependencies = (
				B2000000000000000000020 /* PBXTargetDependency */,
			);
			fileSystemSynchronizedGroups = (
				B2000000000000000000012 /* IslandFlowTests */,
			);
			name = IslandFlowTests;
			packageProductDependencies = (
			);
			productName = IslandFlowTests;
			productReference = B2000000000000000000011 /* IslandFlowTests.xctest */;
			productType = "com.apple.product-type.bundle.unit-test";
		};
		B2000000000000000000036 /* IslandFlowUITests */ = {
			isa = PBXNativeTarget;
			buildConfigurationList = B2000000000000000000037 /* Build configuration list for PBXNativeTarget "IslandFlowUITests" */;
			buildPhases = (
				B2000000000000000000034 /* Sources */,
				B2000000000000000000033 /* Frameworks */,
				B2000000000000000000035 /* Resources */,
			);
			buildRules = (
			);
			dependencies = (
				B2000000000000000000040 /* PBXTargetDependency */,
			);
			fileSystemSynchronizedGroups = (
				B2000000000000000000032 /* IslandFlowUITests */,
			);
			name = IslandFlowUITests;
			packageProductDependencies = (
			);
			productName = IslandFlowUITests;
			productReference = B2000000000000000000031 /* IslandFlowUITests.xctest */;
			productType = "com.apple.product-type.bundle.ui-testing";
		};
/* End PBXNativeTarget section */

/* Begin PBXProject section */
		B200000000000000000000A /* Project object */ = {
			isa = PBXProject;
			attributes = {
				BuildIndependentTargetsInParallel = 1;
				LastSwiftUpdateCheck = 2660;
				LastUpgradeCheck = 2660;
				TargetAttributes = {
					B2000000000000000000006 = {
						CreatedOnToolsVersion = 26.6;
					};
					B2000000000000000000016 = {
						CreatedOnToolsVersion = 26.6;
						TestTargetID = B2000000000000000000006;
					};
					B2000000000000000000036 = {
						CreatedOnToolsVersion = 26.6;
						TestTargetID = B2000000000000000000006;
					};
				};
			};
			buildConfigurationList = B200000000000000000000B /* Build configuration list for PBXProject "IslandFlow" */;
			developmentRegion = "zh-Hant";
			hasScannedForEncodings = 0;
			knownRegions = (
				"zh-Hant",
				Base,
			);
			mainGroup = B2000000000000000000004;
			minimizedProjectReferenceProxies = 1;
			preferredProjectObjectVersion = 77;
			productRefGroup = B2000000000000000000005 /* Products */;
			projectDirPath = "";
			projectRoot = "";
			targets = (
				B2000000000000000000006 /* IslandFlow */,
				B2000000000000000000016 /* IslandFlowTests */,
				B2000000000000000000036 /* IslandFlowUITests */,
			);
		};
/* End PBXProject section */

/* Begin PBXResourcesBuildPhase section */
		B2000000000000000000009 /* Resources */ = {
			isa = PBXResourcesBuildPhase;
			buildActionMask = 2147483647;
			files = (
			);
			runOnlyForDeploymentPostprocessing = 0;
		};
		B2000000000000000000019 /* Resources */ = {
			isa = PBXResourcesBuildPhase;
			buildActionMask = 2147483647;
			files = (
			);
			runOnlyForDeploymentPostprocessing = 0;
		};
		B2000000000000000000035 /* Resources */ = {
			isa = PBXResourcesBuildPhase;
			buildActionMask = 2147483647;
			files = (
			);
			runOnlyForDeploymentPostprocessing = 0;
		};
/* End PBXResourcesBuildPhase section */

/* Begin PBXSourcesBuildPhase section */
		B2000000000000000000008 /* Sources */ = {
			isa = PBXSourcesBuildPhase;
			buildActionMask = 2147483647;
			files = (
			);
			runOnlyForDeploymentPostprocessing = 0;
		};
		B2000000000000000000018 /* Sources */ = {
			isa = PBXSourcesBuildPhase;
			buildActionMask = 2147483647;
			files = (
			);
			runOnlyForDeploymentPostprocessing = 0;
		};
		B2000000000000000000034 /* Sources */ = {
			isa = PBXSourcesBuildPhase;
			buildActionMask = 2147483647;
			files = (
			);
			runOnlyForDeploymentPostprocessing = 0;
		};
/* End PBXSourcesBuildPhase section */

/* Begin PBXTargetDependency section */
		B2000000000000000000020 /* PBXTargetDependency */ = {
			isa = PBXTargetDependency;
			target = B2000000000000000000006 /* IslandFlow */;
			targetProxy = B2000000000000000000010 /* PBXContainerItemProxy */;
		};
		B2000000000000000000040 /* PBXTargetDependency */ = {
			isa = PBXTargetDependency;
			target = B2000000000000000000006 /* IslandFlow */;
			targetProxy = B2000000000000000000030 /* PBXContainerItemProxy */;
		};
/* End PBXTargetDependency section */

/* Begin XCBuildConfiguration section */
		B200000000000000000000C /* Debug */ = {
			isa = XCBuildConfiguration;
			buildSettings = {
				ALWAYS_SEARCH_USER_PATHS = NO;
				ASSETCATALOG_COMPILER_GENERATE_SWIFT_ASSET_SYMBOL_EXTENSIONS = YES;
				CLANG_ANALYZER_NONNULL = YES;
				CLANG_ENABLE_MODULES = YES;
				CLANG_ENABLE_OBJC_ARC = YES;
				CLANG_ENABLE_OBJC_WEAK = YES;
				CLANG_WARN_BOOL_CONVERSION = YES;
				CLANG_WARN_CONSTANT_CONVERSION = YES;
				CLANG_WARN_EMPTY_BODY = YES;
				CLANG_WARN_ENUM_CONVERSION = YES;
				CLANG_WARN_INFINITE_RECURSION = YES;
				CLANG_WARN_INT_CONVERSION = YES;
				CLANG_WARN_UNREACHABLE_CODE = YES;
				COPY_PHASE_STRIP = NO;
				DEBUG_INFORMATION_FORMAT = dwarf;
				DEVELOPMENT_LANGUAGE = "zh-Hant";
				ENABLE_STRICT_OBJC_MSGSEND = YES;
				ENABLE_TESTABILITY = YES;
				ENABLE_USER_SCRIPT_SANDBOXING = YES;
				GCC_C_LANGUAGE_STANDARD = gnu17;
				GCC_DYNAMIC_NO_PIC = NO;
				GCC_NO_COMMON_BLOCKS = YES;
				GCC_OPTIMIZATION_LEVEL = 0;
				GCC_PREPROCESSOR_DEFINITIONS = (
					"DEBUG=1",
					"$(inherited)",
				);
				IPHONEOS_DEPLOYMENT_TARGET = 17.0;
				LOCALIZATION_PREFERS_STRING_CATALOGS = YES;
				MTL_ENABLE_DEBUG_INFO = INCLUDE_SOURCE;
				MTL_FAST_MATH = YES;
				ONLY_ACTIVE_ARCH = YES;
				SDKROOT = iphoneos;
				SWIFT_ACTIVE_COMPILATION_CONDITIONS = "DEBUG $(inherited)";
				SWIFT_OPTIMIZATION_LEVEL = "-Onone";
			};
			name = Debug;
		};
		B200000000000000000000D /* Release */ = {
			isa = XCBuildConfiguration;
			buildSettings = {
				ALWAYS_SEARCH_USER_PATHS = NO;
				ASSETCATALOG_COMPILER_GENERATE_SWIFT_ASSET_SYMBOL_EXTENSIONS = YES;
				CLANG_ANALYZER_NONNULL = YES;
				CLANG_ENABLE_MODULES = YES;
				CLANG_ENABLE_OBJC_ARC = YES;
				CLANG_ENABLE_OBJC_WEAK = YES;
				CLANG_WARN_BOOL_CONVERSION = YES;
				CLANG_WARN_CONSTANT_CONVERSION = YES;
				CLANG_WARN_EMPTY_BODY = YES;
				CLANG_WARN_ENUM_CONVERSION = YES;
				CLANG_WARN_INFINITE_RECURSION = YES;
				CLANG_WARN_INT_CONVERSION = YES;
				CLANG_WARN_UNREACHABLE_CODE = YES;
				COPY_PHASE_STRIP = NO;
				DEBUG_INFORMATION_FORMAT = "dwarf-with-dsym";
				DEVELOPMENT_LANGUAGE = "zh-Hant";
				ENABLE_NS_ASSERTIONS = NO;
				ENABLE_STRICT_OBJC_MSGSEND = YES;
				ENABLE_USER_SCRIPT_SANDBOXING = YES;
				GCC_C_LANGUAGE_STANDARD = gnu17;
				GCC_NO_COMMON_BLOCKS = YES;
				IPHONEOS_DEPLOYMENT_TARGET = 17.0;
				LOCALIZATION_PREFERS_STRING_CATALOGS = YES;
				MTL_ENABLE_DEBUG_INFO = NO;
				MTL_FAST_MATH = YES;
				SDKROOT = iphoneos;
				SWIFT_COMPILATION_MODE = wholemodule;
				VALIDATE_PRODUCT = YES;
			};
			name = Release;
		};
		B200000000000000000000E /* Debug */ = {
			isa = XCBuildConfiguration;
			buildSettings = {
				ASSETCATALOG_COMPILER_APPICON_NAME = AppIcon;
				ASSETCATALOG_COMPILER_GLOBAL_ACCENT_COLOR_NAME = AccentColor;
				CODE_SIGN_STYLE = Automatic;
				CURRENT_PROJECT_VERSION = 1;
				DEVELOPMENT_TEAM = F3J4S8V4CB;
				ENABLE_PREVIEWS = YES;
				GENERATE_INFOPLIST_FILE = YES;
				INFOPLIST_KEY_CFBundleDisplayName = "島流旅綠幣";
				INFOPLIST_KEY_ITSAppUsesNonExemptEncryption = NO;
				INFOPLIST_KEY_NSCameraUsageDescription = "掃描站牌動態碼與旅客兌換碼時需要使用相機。";
				INFOPLIST_KEY_NSLocationWhenInUseUsageDescription = "到站驗證時可選擇比對你是否在站點三百公尺內；位置只用於這次驗證。";
				INFOPLIST_KEY_UIApplicationSceneManifest_Generation = YES;
				INFOPLIST_KEY_UIApplicationSupportsIndirectInputEvents = YES;
				INFOPLIST_KEY_UILaunchScreen_Generation = YES;
				INFOPLIST_KEY_UISupportedInterfaceOrientations_iPhone = UIInterfaceOrientationPortrait;
				LD_RUNPATH_SEARCH_PATHS = (
					"$(inherited)",
					"@executable_path/Frameworks",
				);
				MARKETING_VERSION = 0.1;
				PRODUCT_BUNDLE_IDENTIFIER = com.thomaslin.islandflow2026;
				PRODUCT_NAME = "$(TARGET_NAME)";
				SWIFT_EMIT_LOC_STRINGS = NO;
				SWIFT_VERSION = 5.0;
				TARGETED_DEVICE_FAMILY = 1;
			};
			name = Debug;
		};
		B200000000000000000000F /* Release */ = {
			isa = XCBuildConfiguration;
			buildSettings = {
				ASSETCATALOG_COMPILER_APPICON_NAME = AppIcon;
				ASSETCATALOG_COMPILER_GLOBAL_ACCENT_COLOR_NAME = AccentColor;
				CODE_SIGN_STYLE = Automatic;
				CURRENT_PROJECT_VERSION = 1;
				DEVELOPMENT_TEAM = F3J4S8V4CB;
				ENABLE_PREVIEWS = YES;
				GENERATE_INFOPLIST_FILE = YES;
				INFOPLIST_KEY_CFBundleDisplayName = "島流旅綠幣";
				INFOPLIST_KEY_ITSAppUsesNonExemptEncryption = NO;
				INFOPLIST_KEY_NSCameraUsageDescription = "掃描站牌動態碼與旅客兌換碼時需要使用相機。";
				INFOPLIST_KEY_NSLocationWhenInUseUsageDescription = "到站驗證時可選擇比對你是否在站點三百公尺內；位置只用於這次驗證。";
				INFOPLIST_KEY_UIApplicationSceneManifest_Generation = YES;
				INFOPLIST_KEY_UIApplicationSupportsIndirectInputEvents = YES;
				INFOPLIST_KEY_UILaunchScreen_Generation = YES;
				INFOPLIST_KEY_UISupportedInterfaceOrientations_iPhone = UIInterfaceOrientationPortrait;
				LD_RUNPATH_SEARCH_PATHS = (
					"$(inherited)",
					"@executable_path/Frameworks",
				);
				MARKETING_VERSION = 0.1;
				PRODUCT_BUNDLE_IDENTIFIER = com.thomaslin.islandflow2026;
				PRODUCT_NAME = "$(TARGET_NAME)";
				SWIFT_EMIT_LOC_STRINGS = NO;
				SWIFT_VERSION = 5.0;
				TARGETED_DEVICE_FAMILY = 1;
			};
			name = Release;
		};
		B200000000000000000001A /* Debug */ = {
			isa = XCBuildConfiguration;
			buildSettings = {
				BUNDLE_LOADER = "$(TEST_HOST)";
				CODE_SIGN_STYLE = Automatic;
				CURRENT_PROJECT_VERSION = 1;
				DEVELOPMENT_TEAM = F3J4S8V4CB;
				GENERATE_INFOPLIST_FILE = YES;
				MARKETING_VERSION = 0.1;
				PRODUCT_BUNDLE_IDENTIFIER = com.thomaslin.islandflow2026.tests;
				PRODUCT_NAME = "$(TARGET_NAME)";
				SWIFT_EMIT_LOC_STRINGS = NO;
				SWIFT_VERSION = 5.0;
				TARGETED_DEVICE_FAMILY = 1;
				TEST_HOST = "$(BUILT_PRODUCTS_DIR)/IslandFlow.app/$(BUNDLE_EXECUTABLE_FOLDER_PATH)/IslandFlow";
			};
			name = Debug;
		};
		B200000000000000000001B /* Release */ = {
			isa = XCBuildConfiguration;
			buildSettings = {
				BUNDLE_LOADER = "$(TEST_HOST)";
				CODE_SIGN_STYLE = Automatic;
				CURRENT_PROJECT_VERSION = 1;
				DEVELOPMENT_TEAM = F3J4S8V4CB;
				GENERATE_INFOPLIST_FILE = YES;
				MARKETING_VERSION = 0.1;
				PRODUCT_BUNDLE_IDENTIFIER = com.thomaslin.islandflow2026.tests;
				PRODUCT_NAME = "$(TARGET_NAME)";
				SWIFT_EMIT_LOC_STRINGS = NO;
				SWIFT_VERSION = 5.0;
				TARGETED_DEVICE_FAMILY = 1;
				TEST_HOST = "$(BUILT_PRODUCTS_DIR)/IslandFlow.app/$(BUNDLE_EXECUTABLE_FOLDER_PATH)/IslandFlow";
			};
			name = Release;
		};
		B2000000000000000000038 /* Debug */ = {
			isa = XCBuildConfiguration;
			buildSettings = {
				CODE_SIGN_STYLE = Automatic;
				CURRENT_PROJECT_VERSION = 1;
				DEVELOPMENT_TEAM = F3J4S8V4CB;
				GENERATE_INFOPLIST_FILE = YES;
				MARKETING_VERSION = 0.1;
				PRODUCT_BUNDLE_IDENTIFIER = com.thomaslin.islandflow2026.uitests;
				PRODUCT_NAME = "$(TARGET_NAME)";
				SWIFT_EMIT_LOC_STRINGS = NO;
				SWIFT_VERSION = 5.0;
				TARGETED_DEVICE_FAMILY = 1;
				TEST_TARGET_NAME = IslandFlow;
			};
			name = Debug;
		};
		B2000000000000000000039 /* Release */ = {
			isa = XCBuildConfiguration;
			buildSettings = {
				CODE_SIGN_STYLE = Automatic;
				CURRENT_PROJECT_VERSION = 1;
				DEVELOPMENT_TEAM = F3J4S8V4CB;
				GENERATE_INFOPLIST_FILE = YES;
				MARKETING_VERSION = 0.1;
				PRODUCT_BUNDLE_IDENTIFIER = com.thomaslin.islandflow2026.uitests;
				PRODUCT_NAME = "$(TARGET_NAME)";
				SWIFT_EMIT_LOC_STRINGS = NO;
				SWIFT_VERSION = 5.0;
				TARGETED_DEVICE_FAMILY = 1;
				TEST_TARGET_NAME = IslandFlow;
			};
			name = Release;
		};
/* End XCBuildConfiguration section */

/* Begin XCConfigurationList section */
		B2000000000000000000007 /* Build configuration list for PBXNativeTarget "IslandFlow" */ = {
			isa = XCConfigurationList;
			buildConfigurations = (
				B200000000000000000000E /* Debug */,
				B200000000000000000000F /* Release */,
			);
			defaultConfigurationIsVisible = 0;
			defaultConfigurationName = Release;
		};
		B200000000000000000000B /* Build configuration list for PBXProject "IslandFlow" */ = {
			isa = XCConfigurationList;
			buildConfigurations = (
				B200000000000000000000C /* Debug */,
				B200000000000000000000D /* Release */,
			);
			defaultConfigurationIsVisible = 0;
			defaultConfigurationName = Release;
		};
		B2000000000000000000017 /* Build configuration list for PBXNativeTarget "IslandFlowTests" */ = {
			isa = XCConfigurationList;
			buildConfigurations = (
				B200000000000000000001A /* Debug */,
				B200000000000000000001B /* Release */,
			);
			defaultConfigurationIsVisible = 0;
			defaultConfigurationName = Release;
		};
		B2000000000000000000037 /* Build configuration list for PBXNativeTarget "IslandFlowUITests" */ = {
			isa = XCConfigurationList;
			buildConfigurations = (
				B2000000000000000000038 /* Debug */,
				B2000000000000000000039 /* Release */,
			);
			defaultConfigurationIsVisible = 0;
			defaultConfigurationName = Release;
		};
/* End XCConfigurationList section */
	};
	rootObject = B200000000000000000000A /* Project object */;
}
